// !$*UTF8*$!
{
	archiveVersion = 1;
	classes = {
	};
	objectVersion = 56;
	objects = {

/* Begin PBXBuildFile section */
		0C494549293EA2A000175670 /* ChartOneApp.swift in Sources */ = {isa = PBXBuildFile; fileRef = 0C494548293EA2A000175670 /* ChartOneApp.swift */; };
		0C49454B293EA2A000175670 /* ContentView.swift in Sources */ = {isa = PBXBuildFile; fileRef = 0C49454A293EA2A000175670 /* ContentView.swift */; };
		0C49454D293EA2A200175670 /* Assets.xcassets in Resources */ = {isa = PBXBuildFile; fileRef = 0C49454C293EA2A200175670 /* Assets.xcassets */; };
		0C494550293EA2A200175670 /* Preview Assets.xcassets in Resources */ = {isa = PBXBuildFile; fileRef = 0C49454F293EA2A200175670 /* Preview Assets.xcassets */; };
		0C494558293EE16300175670 /* SwiftUICharts in Frameworks */ = {isa = PBXBuildFile; productRef = 0C494557293EE16300175670 /* SwiftUICharts */; };
		0CF5E54F294B9E4C00DB3EFA /* ReviewItem.swift in Sources */ = {isa = PBXBuildFile; fileRef = 0CF5E54E294B9E4B00DB3EFA /* ReviewItem.swift */; };
		0CF5E551294B9E9300DB3EFA /* DataController.swift in Sources */ = {isa = PBXBuildFile; fileRef = 0CF5E550294B9E9300DB3EFA /* DataController.swift */; };
		0CF5E554294B9EEE00DB3EFA /* StudentData.xcdatamodeld in Sources */ = {isa = PBXBuildFile; fileRef = 0CF5E552294B9EEE00DB3EFA /* StudentData.xcdatamodeld */; };
		0CF5E556294BA35600DB3EFA /* ReviewView.swift in Sources */ = {isa = PBXBuildFile; fileRef = 0CF5E555294BA35600DB3EFA /* ReviewView.swift */; };
/* End PBXBuildFile section */

/* Begin PBXFileReference section */
		0C494545293EA2A000175670 /* ChartOne.app */ = {isa = PBXFileReference; explicitFileType = wrapper.application; includeInIndex = 0; path = ChartOne.app; sourceTree = BUILT_PRODUCTS_DIR; };
		0C494548293EA2A000175670 /* ChartOneApp.swift */ = {isa = PBXFileReference; lastKnownFileType = sourcecode.swift; path = ChartOneApp.swift; sourceTree = "<group>"; };
		0C49454A293EA2A000175670 /* ContentView.swift */ = {isa = PBXFileReference; lastKnownFileType = sourcecode.swift; path = ContentView.swift; sourceTree = "<group>"; };
		0C49454C293EA2A200175670 /* Assets.xcassets */ = {isa = PBXFileReference; lastKnownFileType = folder.assetcatalog; path = Assets.xcassets; sourceTree = "<group>"; };
		0C49454F293EA2A200175670 /* Preview Assets.xcassets */ = {isa = PBXFileReference; lastKnownFileType = folder.assetcatalog; path = "Preview Assets.xcassets"; sourceTree = "<group>"; };
		0CF5E54E294B9E4B00DB3EFA /* ReviewItem.swift */ = {isa = PBXFileReference; lastKnownFileType = sourcecode.swift; path = ReviewItem.swift; sourceTree = "<group>"; };
		0CF5E550294B9E9300DB3EFA /* DataController.swift */ = {isa = PBXFileReference; lastKnownFileType = sourcecode.swift; path = DataController.swift; sourceTree = "<group>"; };
		0CF5E553294B9EEE00DB3EFA /* StudentData.xcdatamodel */ = {isa = PBXFileReference; lastKnownFileType = wrapper.xcdatamodel; path = StudentData.xcdatamodel; sourceTree = "<group>"; };
		0CF5E555294BA35600DB3EFA /* ReviewView.swift */ = {isa = PBXFileReference; lastKnownFileType = sourcecode.swift; path = ReviewView.swift; sourceTree = "<group>"; };
/* End PBXFileReference section */

/* Begin PBXFrameworksBuildPhase section */
		0C494542293EA2A000175670 /* Frameworks */ = {
			isa = PBXFrameworksBuildPhase;
			buildActionMask = 2147483647;
			files = (
				0C494558293EE16300175670 /* SwiftUICharts in Frameworks */,
			);
			runOnlyForDeploymentPostprocessing = 0;
		};
/* End PBXFrameworksBuildPhase section */

/* Begin PBXGroup section */
		0C49453C293EA2A000175670 = {
			isa = PBXGroup;
			children = (
				0C494547293EA2A000175670 /* ChartOne */,
				0C494546293EA2A000175670 /* Products */,
			);
			sourceTree = "<group>";
		};
		0C494546293EA2A000175670 /* Products */ = {
			isa = PBXGroup;
			children = (
				0C494545293EA2A000175670 /* ChartOne.app */,
			);
			name = Products;
			sourceTree = "<group>";
		};
		0C494547293EA2A000175670 /* ChartOne */ = {
			isa = PBXGroup;
			children = (
				0C494548293EA2A000175670 /* ChartOneApp.swift */,
				0C49454A293EA2A000175670 /* ContentView.swift */,
				0CF5E555294BA35600DB3EFA /* ReviewView.swift */,
				0CF5E54E294B9E4B00DB3EFA /* ReviewItem.swift */,
				0CF5E550294B9E9300DB3EFA /* DataController.swift */,
				0CF5E552294B9EEE00DB3EFA /* StudentData.xcdatamodeld */,
				0C49454C293EA2A200175670 /* Assets.xcassets */,
				0C49454E293EA2A200175670 /* Preview Content */,
			);
			path = ChartOne;
			sourceTree = "<group>";
		};
		0C49454E293EA2A200175670 /* Preview Content */ = {
			isa = PBXGroup;
			children = (
				0C49454F293EA2A200175670 /* Preview Assets.xcassets */,
			);
			path = "Preview Content";
			sourceTree = "<group>";
		};
/* End PBXGroup section */

/* Begin PBXNativeTarget section */
		0C494544293EA2A000175670 /* ChartOne */ = {
			isa = PBXNativeTarget;
			buildConfigurationList = 0C494553293EA2A200175670 /* Build configuration list for PBXNativeTarget "ChartOne" */;
			buildPhases = (
				0C494541293EA2A000175670 /* Sources */,
				0C494542293EA2A000175670 /* Frameworks */,
				0C494543293EA2A000175670 /* Resources */,
			);
			buildRules = (
			);
			dependencies = (
			);
			name = ChartOne;
			packageProductDependencies = (
				0C494557293EE16300175670 /* SwiftUICharts */,
			);
			productName = ChartOne;
			productReference = 0C494545293EA2A000175670 /* ChartOne.app */;
			productType = "com.apple.product-type.application";
		};
/* End PBXNativeTarget section */

/* Begin PBXProject section */
		0C49453D293EA2A000175670 /* Project object */ = {
			isa = PBXProject;
			attributes = {
				BuildIndependentTargetsInParallel = 1;
				LastSwiftUpdateCheck = 1410;
				LastUpgradeCheck = 1410;
				TargetAttributes = {
					0C494544293EA2A000175670 = {
						CreatedOnToolsVersion = 14.1;
					};
				};
			};
			buildConfigurationList = 0C494540293EA2A000175670 /* Build configuration list for PBXProject "ChartOne" */;
			compatibilityVersion = "Xcode 14.0";
			developmentRegion = en;
			hasScannedForEncodings = 0;
			knownRegions = (
				en,
				Base,
			);
			mainGroup = 0C49453C293EA2A000175670;
			packageReferences = (
				0C494556293EE16300175670 /* XCRemoteSwiftPackageReference "ChartView" */,
			);
			productRefGroup = 0C494546293EA2A000175670 /* Products */;
			projectDirPath = "";
			projectRoot = "";
			targets = (
				0C494544293EA2A000175670 /* ChartOne */,
			);
		};
/* End PBXProject section */

/* Begin PBXResourcesBuildPhase section */
		0C494543293EA2A000175670 /* Resources */ = {
			isa = PBXResourcesBuildPhase;
			buildActionMask = 2147483647;
			files = (
				0C494550293EA2A200175670 /* Preview Assets.xcassets in Resources */,
				0C49454D293EA2A200175670 /* Assets.xcassets in Resources */,
			);
			runOnlyForDeploymentPostprocessing = 0;
		};
/* End PBXResourcesBuildPhase section */

/* Begin PBXSourcesBuildPhase section */
		0C494541293EA2A000175670 /* Sources */ = {
			isa = PBXSourcesBuildPhase;
			buildActionMask = 2147483647;
			files = (
				0CF5E54F294B9E4C00DB3EFA /* ReviewItem.swift in Sources */,
				0CF5E551294B9E9300DB3EFA /* DataController.swift in Sources */,
				0CF5E554294B9EEE00DB3EFA /* StudentData.xcdatamodeld in Sources */,
				0C49454B293EA2A000175670 /* ContentView.swift in Sources */,
				0CF5E556294BA35600DB3EFA /* ReviewView.swift in Sources */,
				0C494549293EA2A000175670 /* ChartOneApp.swift in Sources */,
			);
			runOnlyForDeploymentPostprocessing = 0;
		};
/* End PBXSourcesBuildPhase section */

/* Begin XCBuildConfiguration section */
		0C494551293EA2A200175670 /* Debug */ = {
			isa = XCBuildConfiguration;
			buildSettings = {
				ALWAYS_SEARCH_USER_PATHS = NO;
				CLANG_ANALYZER_NONNULL = YES;
				CLANG_ANALYZER_NUMBER_OBJECT_CONVERSION = YES_AGGRESSIVE;
				CLANG_CXX_LANGUAGE_STANDARD = "gnu++20";
				CLANG_ENABLE_MODULES = YES;
				CLANG_ENABLE_OBJC_ARC = YES;
				CLANG_ENABLE_OBJC_WEAK = YES;
				CLANG_WARN_BLOCK_CAPTURE_AUTORELEASING = YES;
				CLANG_WARN_BOOL_CONVERSION = YES;
				CLANG_WARN_COMMA = YES;
				CLANG_WARN_CONSTANT_CONVERSION = YES;
				CLANG_WARN_DEPRECATED_OBJC_IMPLEMENTATIONS = YES;
				CLANG_WARN_DIRECT_OBJC_ISA_USAGE = YES_ERROR;
				CLANG_WARN_DOCUMENTATION_COMMENTS = YES;
				CLANG_WARN_EMPTY_BODY = YES;
				CLANG_WARN_ENUM_CONVERSION = YES;
				CLANG_WARN_INFINITE_RECURSION = YES;
				CLANG_WARN_INT_CONVERSION = YES;
				CLANG_WARN_NON_LITERAL_NULL_CONVERSION = YES;
				CLANG_WARN_OBJC_IMPLICIT_RETAIN_SELF = YES;
				CLANG_WARN_OBJC_LITERAL_CONVERSION = YES;
				CLANG_WARN_OBJC_ROOT_CLASS = YES_ERROR;
				CLANG_WARN_QUOTED_INCLUDE_IN_FRAMEWORK_HEADER = YES;
				CLANG_WARN_RANGE_LOOP_ANALYSIS = YES;
				CLANG_WARN_STRICT_PROTOTYPES = YES;
				CLANG_WARN_SUSPICIOUS_MOVE = YES;
				CLANG_WARN_UNGUARDED_AVAILABILITY = YES_AGGRESSIVE;
				CLANG_WARN_UNREACHABLE_CODE = YES;
				CLANG_WARN__DUPLICATE_METHOD_MATCH = YES;
				COPY_PHASE_STRIP = NO;
				DEBUG_INFORMATION_FORMAT = dwarf;
				ENABLE_STRICT_OBJC_MSGSEND = YES;
				ENABLE_TESTABILITY = YES;
				GCC_C_LANGUAGE_STANDARD = gnu11;
				GCC_DYNAMIC_NO_PIC = NO;
				GCC_NO_COMMON_BLOCKS = YES;
				GCC_OPTIMIZATION_LEVEL = 0;
				GCC_PREPROCESSOR_DEFINITIONS = (
					"DEBUG=1",
					"$(inherited)",
				);
				GCC_WARN_64_TO_32_BIT_CONVERSION = YES;
				GCC_WARN_ABOUT_RETURN_TYPE = YES_ERROR;
				GCC_WARN_UNDECLARED_SELECTOR = YES;
				GCC_WARN_UNINITIALIZED_AUTOS = YES_AGGRESSIVE;
				GCC_WARN_UNUSED_FUNCTION = YES;
				GCC_WARN_UNUSED_VARIABLE = YES;
				IPHONEOS_DEPLOYMENT_TARGET = 16.1;
				MTL_ENABLE_DEBUG_INFO = INCLUDE_SOURCE;
				MTL_FAST_MATH = YES;
				ONLY_ACTIVE_ARCH = YES;
				SDKROOT = iphoneos;
				SWIFT_ACTIVE_COMPILATION_CONDITIONS = DEBUG;
				SWIFT_OPTIMIZATION_LEVEL = "-Onone";
			};
			name = Debug;
		};
		0C494552293EA2A200175670 /* Release */ = {
			isa = XCBuildConfiguration;
			buildSettings = {
				ALWAYS_SEARCH_USER_PATHS = NO;
				CLANG_ANALYZER_NONNULL = YES;
				CLANG_ANALYZER_NUMBER_OBJECT_CONVERSION = YES_AGGRESSIVE;
				CLANG_CXX_LANGUAGE_STANDARD = "gnu++20";
				CLANG_ENABLE_MODULES = YES;
				CLANG_ENABLE_OBJC_ARC = YES;
				CLANG_ENABLE_OBJC_WEAK = YES;
				CLANG_WARN_BLOCK_CAPTURE_AUTORELEASING = YES;
				CLANG_WARN_BOOL_CONVERSION = YES;
				CLANG_WARN_COMMA = YES;
				CLANG_WARN_CONSTANT_CONVERSION = YES;
				CLANG_WARN_DEPRECATED_OBJC_IMPLEMENTATIONS = YES;
				CLANG_WARN_DIRECT_OBJC_ISA_USAGE = YES_ERROR;
				CLANG_WARN_DOCUMENTATION_COMMENTS = YES;
				CLANG_WARN_EMPTY_BODY = YES;
				CLANG_WARN_ENUM_CONVERSION = YES;
				CLANG_WARN_INFINITE_RECURSION = YES;
				CLANG_WARN_INT_CONVERSION = YES;
				CLANG_WARN_NON_LITERAL_NULL_CONVERSION = YES;
				CLANG_WARN_OBJC_IMPLICIT_RETAIN_SELF = YES;
				CLANG_WARN_OBJC_LITERAL_CONVERSION = YES;
				CLANG_WARN_OBJC_ROOT_CLASS = YES_ERROR;
				CLANG_WARN_QUOTED_INCLUDE_IN_FRAMEWORK_HEADER = YES;
				CLANG_WARN_RANGE_LOOP_ANALYSIS = YES;
				CLANG_WARN_STRICT_PROTOTYPES = YES;
				CLANG_WARN_SUSPICIOUS_MOVE = YES;
				CLANG_WARN_UNGUARDED_AVAILABILITY = YES_AGGRESSIVE;
				CLANG_WARN_UNREACHABLE_CODE = YES;
				CLANG_WARN__DUPLICATE_METHOD_MATCH = YES;
				COPY_PHASE_STRIP = NO;
				DEBUG_INFORMATION_FORMAT = "dwarf-with-dsym";
				ENABLE_NS_ASSERTIONS = NO;
				ENABLE_STRICT_OBJC_MSGSEND = YES;
				GCC_C_LANGUAGE_STANDARD = gnu11;
				GCC_NO_COMMON_BLOCKS = YES;
				GCC_WARN_64_TO_32_BIT_CONVERSION = YES;
				GCC_WARN_ABOUT_RETURN_TYPE = YES_ERROR;
				GCC_WARN_UNDECLARED_SELECTOR = YES;
				GCC_WARN_UNINITIALIZED_AUTOS = YES_AGGRESSIVE;
				GCC_WARN_UNUSED_FUNCTION = YES;
				GCC_WARN_UNUSED_VARIABLE = YES;
				IPHONEOS_DEPLOYMENT_TARGET = 16.1;
				MTL_ENABLE_DEBUG_INFO = NO;
				MTL_FAST_MATH = YES;
				SDKROOT = iphoneos;
				SWIFT_COMPILATION_MODE = wholemodule;
				SWIFT_OPTIMIZATION_LEVEL = "-O";
				VALIDATE_PRODUCT = YES;
			};
			name = Release;
		};
		0C494554293EA2A200175670 /* Debug */ = {
			isa = XCBuildConfiguration;
			buildSettings = {
				ASSETCATALOG_COMPILER_APPICON_NAME = AppIcon;
				ASSETCATALOG_COMPILER_GLOBAL_ACCENT_COLOR_NAME = AccentColor;
				CODE_SIGN_STYLE = Automatic;
				CURRENT_PROJECT_VERSION = 1;
				DEVELOPMENT_ASSET_PATHS = "\"ChartOne/Preview Content\"";
				DEVELOPMENT_TEAM = GW7U6XU7C7;
				ENABLE_PREVIEWS = YES;
				GENERATE_INFOPLIST_FILE = YES;
				INFOPLIST_KEY_UIApplicationSceneManifest_Generation = YES;
				INFOPLIST_KEY_UIApplicationSupportsIndirectInputEvents = YES;
				INFOPLIST_KEY_UILaunchScreen_Generation = YES;
				INFOPLIST_KEY_UISupportedInterfaceOrientations_iPad = "UIInterfaceOrientationPortrait UIInterfaceOrientationPortraitUpsideDown UIInterfaceOrientationLandscapeLeft UIInterfaceOrientationLandscapeRight";
				INFOPLIST_KEY_UISupportedInterfaceOrientations_iPhone = "UIInterfaceOrientationPortrait UIInterfaceOrientationLandscapeLeft UIInterfaceOrientationLandscapeRight";
				LD_RUNPATH_SEARCH_PATHS = (
					"$(inherited)",
					"@executable_path/Frameworks",
				);
				MARKETING_VERSION = 1.0;
				PRODUCT_BUNDLE_IDENTIFIER = one.learning.ChartOne;
				PRODUCT_NAME = "$(TARGET_NAME)";
				SWIFT_EMIT_LOC_STRINGS = YES;
				SWIFT_VERSION = 5.0;
				TARGETED_DEVICE_FAMILY = "1,2";
			};
			name = Debug;
		};
		0C494555293EA2A200175670 /* Release */ = {
			isa = XCBuildConfiguration;
			buildSettings = {
				ASSETCATALOG_COMPILER_APPICON_NAME = AppIcon;
				ASSETCATALOG_COMPILER_GLOBAL_ACCENT_COLOR_NAME = AccentColor;
				CODE_SIGN_STYLE = Automatic;
				CURRENT_PROJECT_VERSION = 1;
				DEVELOPMENT_ASSET_PATHS = "\"ChartOne/Preview Content\"";
				DEVELOPMENT_TEAM = GW7U6XU7C7;
				ENABLE_PREVIEWS = YES;
				GENERATE_INFOPLIST_FILE = YES;
				INFOPLIST_KEY_UIApplicationSceneManifest_Generation = YES;
				INFOPLIST_KEY_UIApplicationSupportsIndirectInputEvents = YES;
				INFOPLIST_KEY_UILaunchScreen_Generation = YES;
				INFOPLIST_KEY_UISupportedInterfaceOrientations_iPad = "UIInterfaceOrientationPortrait UIInterfaceOrientationPortraitUpsideDown UIInterfaceOrientationLandscapeLeft UIInterfaceOrientationLandscapeRight";
				INFOPLIST_KEY_UISupportedInterfaceOrientations_iPhone = "UIInterfaceOrientationPortrait UIInterfaceOrientationLandscapeLeft UIInterfaceOrientationLandscapeRight";
				LD_RUNPATH_SEARCH_PATHS = (
					"$(inherited)",
					"@executable_path/Frameworks",
				);
				MARKETING_VERSION = 1.0;
				PRODUCT_BUNDLE_IDENTIFIER = one.learning.ChartOne;
				PRODUCT_NAME = "$(TARGET_NAME)";
				SWIFT_EMIT_LOC_STRINGS = YES;
				SWIFT_VERSION = 5.0;
				TARGETED_DEVICE_FAMILY = "1,2";
			};
			name = Release;
		};
/* End XCBuildConfiguration section */

/* Begin XCConfigurationList section */
		0C494540293EA2A000175670 /* Build configuration list for PBXProject "ChartOne" */ = {
			isa = XCConfigurationList;
			buildConfigurations = (
				0C494551293EA2A200175670 /* Debug */,
				0C494552293EA2A200175670 /* Release */,
			);
			defaultConfigurationIsVisible = 0;
			defaultConfigurationName = Release;
		};
		0C494553293EA2A200175670 /* Build configuration list for PBXNativeTarget "ChartOne" */ = {
			isa = XCConfigurationList;
			buildConfigurations = (
				0C494554293EA2A200175670 /* Debug */,
				0C494555293EA2A200175670 /* Release */,
			);
			defaultConfigurationIsVisible = 0;
			defaultConfigurationName = Release;
		};
/* End XCConfigurationList section */

/* Begin XCRemoteSwiftPackageReference section */
		0C494556293EE16300175670 /* XCRemoteSwiftPackageReference "ChartView" */ = {
			isa = XCRemoteSwiftPackageReference;
			repositoryURL = "https://github.com/AppPear/ChartView";
			requirement = {
				kind = upToNextMajorVersion;
				minimumVersion = 1.0.0;
			};
		};
/* End XCRemoteSwiftPackageReference section */

/* Begin XCSwiftPackageProductDependency section */
		0C494557293EE16300175670 /* SwiftUICharts */ = {
			isa = XCSwiftPackageProductDependency;
			package = 0C494556293EE16300175670 /* XCRemoteSwiftPackageReference "ChartView" */;
			productName = SwiftUICharts;
		};
/* End XCSwiftPackageProductDependency section */

/* Begin XCVersionGroup section */
		0CF5E552294B9EEE00DB3EFA /* StudentData.xcdatamodeld */ = {
			isa = XCVersionGroup;
			children = (
				0CF5E553294B9EEE00DB3EFA /* StudentData.xcdatamodel */,
			);
			currentVersion = 0CF5E553294B9EEE00DB3EFA /* StudentData.xcdatamodel */;
			path = StudentData.xcdatamodeld;
			sourceTree = "<group>";
			versionGroupType = wrapper.xcdatamodel;
		};
/* End XCVersionGroup section */
	};
	rootObject = 0C49453D293EA2A000175670 /* Project object */;
}
